
Microsoft Visual Studio Solution File, Format Version 12.00
# Visual Studio Version 16
VisualStudioVersion = 16.0.29503.13
MinimumVisualStudioVersion = 10.0.40219.1
Project("{FAE04EC0-301F-11D3-BF4B-00C04F79EFBC}") = "Less5", "Less5\Less5.csproj", "{BCD46D65-435F-47CF-9C10-CFD76CA48CF0}"
EndProject
Global
	GlobalSection(SolutionConfigurationPlatforms) = preSolution
		Debug|Any CPU = Debug|Any CPU
		Release|Any CPU = Release|Any CPU
	EndGlobalSection
	GlobalSection(ProjectConfigurationPlatforms) = postSolution
		{BCD46D65-435F-47CF-9C10-CFD76CA48CF0}.Debug|Any CPU.ActiveCfg = Debug|Any CPU
		{BCD46D65-435F-47CF-9C10-CFD76CA48CF0}.Debug|Any CPU.Build.0 = Debug|Any CPU
		{BCD46D65-435F-47CF-9C10-CFD76CA48CF0}.Release|Any CPU.ActiveCfg = Release|Any CPU
		{BCD46D65-435F-47CF-9C10-CFD76CA48CF0}.Release|Any CPU.Build.0 = Release|Any CPU
	EndGlobalSection
	GlobalSection(SolutionProperties) = preSolution
		HideSolutionNode = FALSE
	EndGlobalSection
	GlobalSection(ExtensibilityGlobals) = postSolution
		SolutionGuid = {B656DAF4-9524-465E-8D68-E4A2AEF3F953}
	EndGlobalSection
EndGlobal
